// !$*UTF8*$!
{
	archiveVersion = 1;
	classes = {
	};
	objectVersion = 46;
	objects = {

/* Begin PBXBuildFile section */
		43A33C8A34552FA678A78B09 /* Pods_GifCreatorTests.framework in Frameworks */ = {isa = PBXBuildFile; fileRef = B493F44A8BA12624B680FC2E /* Pods_GifCreatorTests.framework */; };
		5720130A1E92CE6E0090AF42 /* MainNavigationController.swift in Sources */ = {isa = PBXBuildFile; fileRef = 572013091E92CE6E0090AF42 /* MainNavigationController.swift */; };
		5720130C1E92D4BA0090AF42 /* PostCollectionViewCell.swift in Sources */ = {isa = PBXBuildFile; fileRef = 5720130B1E92D4BA0090AF42 /* PostCollectionViewCell.swift */; };
		5720130E1E92D5320090AF42 /* CollectionViewController.swift in Sources */ = {isa = PBXBuildFile; fileRef = 5720130D1E92D5320090AF42 /* CollectionViewController.swift */; };
		57352EDF1E92CBFF00C50EFA /* AppDelegate.swift in Sources */ = {isa = PBXBuildFile; fileRef = 57352EDE1E92CBFF00C50EFA /* AppDelegate.swift */; };
		57352EE11E92CBFF00C50EFA /* MainViewController.swift in Sources */ = {isa = PBXBuildFile; fileRef = 57352EE01E92CBFF00C50EFA /* MainViewController.swift */; };
		57352EE41E92CBFF00C50EFA /* Main.storyboard in Resources */ = {isa = PBXBuildFile; fileRef = 57352EE21E92CBFF00C50EFA /* Main.storyboard */; };
		57352EE61E92CBFF00C50EFA /* Assets.xcassets in Resources */ = {isa = PBXBuildFile; fileRef = 57352EE51E92CBFF00C50EFA /* Assets.xcassets */; };
		57352EE91E92CBFF00C50EFA /* LaunchScreen.storyboard in Resources */ = {isa = PBXBuildFile; fileRef = 57352EE71E92CBFF00C50EFA /* LaunchScreen.storyboard */; };
		57352EF41E92CBFF00C50EFA /* GifCreatorTests.swift in Sources */ = {isa = PBXBuildFile; fileRef = 57352EF31E92CBFF00C50EFA /* GifCreatorTests.swift */; };
		77BC5787D7126E2089AAD2B9 /* Pods_GifCreator.framework in Frameworks */ = {isa = PBXBuildFile; fileRef = 089E58EF18FC1DB076DAA229 /* Pods_GifCreator.framework */; };
/* End PBXBuildFile section */

/* Begin PBXContainerItemProxy section */
		57352EF01E92CBFF00C50EFA /* PBXContainerItemProxy */ = {
			isa = PBXContainerItemProxy;
			containerPortal = 57352ED31E92CBFF00C50EFA /* Project object */;
			proxyType = 1;
			remoteGlobalIDString = 57352EDA1E92CBFF00C50EFA;
			remoteInfo = GifCreator;
		};
/* End PBXContainerItemProxy section */

/* Begin PBXFileReference section */
		089E58EF18FC1DB076DAA229 /* Pods_GifCreator.framework */ = {isa = PBXFileReference; explicitFileType = wrapper.framework; includeInIndex = 0; path = Pods_GifCreator.framework; sourceTree = BUILT_PRODUCTS_DIR; };
		1E55EF53460EE44FE6631189 /* Pods-GifCreator.debug.xcconfig */ = {isa = PBXFileReference; includeInIndex = 1; lastKnownFileType = text.xcconfig; name = "Pods-GifCreator.debug.xcconfig"; path = "Pods/Target Support Files/Pods-GifCreator/Pods-GifCreator.debug.xcconfig"; sourceTree = "<group>"; };
		572013091E92CE6E0090AF42 /* MainNavigationController.swift */ = {isa = PBXFileReference; fileEncoding = 4; lastKnownFileType = sourcecode.swift; path = MainNavigationController.swift; sourceTree = "<group>"; };
		5720130B1E92D4BA0090AF42 /* PostCollectionViewCell.swift */ = {isa = PBXFileReference; fileEncoding = 4; lastKnownFileType = sourcecode.swift; path = PostCollectionViewCell.swift; sourceTree = "<group>"; };
		5720130D1E92D5320090AF42 /* CollectionViewController.swift */ = {isa = PBXFileReference; fileEncoding = 4; lastKnownFileType = sourcecode.swift; path = CollectionViewController.swift; sourceTree = "<group>"; };
		57352EDB1E92CBFF00C50EFA /* GifCreator.app */ = {isa = PBXFileReference; explicitFileType = wrapper.application; includeInIndex = 0; path = GifCreator.app; sourceTree = BUILT_PRODUCTS_DIR; };
		57352EDE1E92CBFF00C50EFA /* AppDelegate.swift */ = {isa = PBXFileReference; lastKnownFileType = sourcecode.swift; path = AppDelegate.swift; sourceTree = "<group>"; };
		57352EE01E92CBFF00C50EFA /* MainViewController.swift */ = {isa = PBXFileReference; lastKnownFileType = sourcecode.swift; path = MainViewController.swift; sourceTree = "<group>"; };
		57352EE31E92CBFF00C50EFA /* Base */ = {isa = PBXFileReference; lastKnownFileType = file.storyboard; name = Base; path = Base.lproj/Main.storyboard; sourceTree = "<group>"; };
		57352EE51E92CBFF00C50EFA /* Assets.xcassets */ = {isa = PBXFileReference; lastKnownFileType = folder.assetcatalog; path = Assets.xcassets; sourceTree = "<group>"; };
		57352EE81E92CBFF00C50EFA /* Base */ = {isa = PBXFileReference; lastKnownFileType = file.storyboard; name = Base; path = Base.lproj/LaunchScreen.storyboard; sourceTree = "<group>"; };
		57352EEA1E92CBFF00C50EFA /* Info.plist */ = {isa = PBXFileReference; lastKnownFileType = text.plist.xml; path = Info.plist; sourceTree = "<group>"; };
		57352EEF1E92CBFF00C50EFA /* GifCreatorTests.xctest */ = {isa = PBXFileReference; explicitFileType = wrapper.cfbundle; includeInIndex = 0; path = GifCreatorTests.xctest; sourceTree = BUILT_PRODUCTS_DIR; };
		57352EF31E92CBFF00C50EFA /* GifCreatorTests.swift */ = {isa = PBXFileReference; lastKnownFileType = sourcecode.swift; path = GifCreatorTests.swift; sourceTree = "<group>"; };
		57352EF51E92CBFF00C50EFA /* Info.plist */ = {isa = PBXFileReference; lastKnownFileType = text.plist.xml; path = Info.plist; sourceTree = "<group>"; };
		86168580127C65040CC47ED2 /* Pods-GifCreatorTests.release.xcconfig */ = {isa = PBXFileReference; includeInIndex = 1; lastKnownFileType = text.xcconfig; name = "Pods-GifCreatorTests.release.xcconfig"; path = "Pods/Target Support Files/Pods-GifCreatorTests/Pods-GifCreatorTests.release.xcconfig"; sourceTree = "<group>"; };
		A9C73BE20E7F8845ED5F27CF /* Pods-GifCreator.release.xcconfig */ = {isa = PBXFileReference; includeInIndex = 1; lastKnownFileType = text.xcconfig; name = "Pods-GifCreator.release.xcconfig"; path = "Pods/Target Support Files/Pods-GifCreator/Pods-GifCreator.release.xcconfig"; sourceTree = "<group>"; };
		B493F44A8BA12624B680FC2E /* Pods_GifCreatorTests.framework */ = {isa = PBXFileReference; explicitFileType = wrapper.framework; includeInIndex = 0; path = Pods_GifCreatorTests.framework; sourceTree = BUILT_PRODUCTS_DIR; };
		DC53126002C4E4D3342C3B76 /* Pods-GifCreatorTests.debug.xcconfig */ = {isa = PBXFileReference; includeInIndex = 1; lastKnownFileType = text.xcconfig; name = "Pods-GifCreatorTests.debug.xcconfig"; path = "Pods/Target Support Files/Pods-GifCreatorTests/Pods-GifCreatorTests.debug.xcconfig"; sourceTree = "<group>"; };
/* End PBXFileReference section */

/* Begin PBXFrameworksBuildPhase section */
		57352ED81E92CBFF00C50EFA /* Frameworks */ = {
			isa = PBXFrameworksBuildPhase;
			buildActionMask = 2147483647;
			files = (
				77BC5787D7126E2089AAD2B9 /* Pods_GifCreator.framework in Frameworks */,
			);
			runOnlyForDeploymentPostprocessing = 0;
		};
		57352EEC1E92CBFF00C50EFA /* Frameworks */ = {
			isa = PBXFrameworksBuildPhase;
			buildActionMask = 2147483647;
			files = (
				43A33C8A34552FA678A78B09 /* Pods_GifCreatorTests.framework in Frameworks */,
			);
			runOnlyForDeploymentPostprocessing = 0;
		};
/* End PBXFrameworksBuildPhase section */

/* Begin PBXGroup section */
		408D952B0AB5BF6A69F523CD /* Frameworks */ = {
			isa = PBXGroup;
			children = (
				089E58EF18FC1DB076DAA229 /* Pods_GifCreator.framework */,
				B493F44A8BA12624B680FC2E /* Pods_GifCreatorTests.framework */,
			);
			name = Frameworks;
			sourceTree = "<group>";
		};
		57352ED21E92CBFF00C50EFA = {
			isa = PBXGroup;
			children = (
				57352EDD1E92CBFF00C50EFA /* GifCreator */,
				57352EF21E92CBFF00C50EFA /* GifCreatorTests */,
				57352EDC1E92CBFF00C50EFA /* Products */,
				D130AAC847CDCA772738B0FD /* Pods */,
				408D952B0AB5BF6A69F523CD /* Frameworks */,
			);
			sourceTree = "<group>";
		};
		57352EDC1E92CBFF00C50EFA /* Products */ = {
			isa = PBXGroup;
			children = (
				57352EDB1E92CBFF00C50EFA /* GifCreator.app */,
				57352EEF1E92CBFF00C50EFA /* GifCreatorTests.xctest */,
			);
			name = Products;
			sourceTree = "<group>";
		};
		57352EDD1E92CBFF00C50EFA /* GifCreator */ = {
			isa = PBXGroup;
			children = (
				57352EDE1E92CBFF00C50EFA /* AppDelegate.swift */,
				57352EE01E92CBFF00C50EFA /* MainViewController.swift */,
				57352EE21E92CBFF00C50EFA /* Main.storyboard */,
				57352EE51E92CBFF00C50EFA /* Assets.xcassets */,
				57352EE71E92CBFF00C50EFA /* LaunchScreen.storyboard */,
				57352EEA1E92CBFF00C50EFA /* Info.plist */,
				572013091E92CE6E0090AF42 /* MainNavigationController.swift */,
				5720130B1E92D4BA0090AF42 /* PostCollectionViewCell.swift */,
				5720130D1E92D5320090AF42 /* CollectionViewController.swift */,
			);
			path = GifCreator;
			sourceTree = "<group>";
		};
		57352EF21E92CBFF00C50EFA /* GifCreatorTests */ = {
			isa = PBXGroup;
			children = (
				57352EF31E92CBFF00C50EFA /* GifCreatorTests.swift */,
				57352EF51E92CBFF00C50EFA /* Info.plist */,
			);
			path = GifCreatorTests;
			sourceTree = "<group>";
		};
		D130AAC847CDCA772738B0FD /* Pods */ = {
			isa = PBXGroup;
			children = (
				1E55EF53460EE44FE6631189 /* Pods-GifCreator.debug.xcconfig */,
				A9C73BE20E7F8845ED5F27CF /* Pods-GifCreator.release.xcconfig */,
				DC53126002C4E4D3342C3B76 /* Pods-GifCreatorTests.debug.xcconfig */,
				86168580127C65040CC47ED2 /* Pods-GifCreatorTests.release.xcconfig */,
			);
			name = Pods;
			sourceTree = "<group>";
		};
/* End PBXGroup section */

/* Begin PBXNativeTarget section */
		57352EDA1E92CBFF00C50EFA /* GifCreator */ = {
			isa = PBXNativeTarget;
			buildConfigurationList = 57352EF81E92CBFF00C50EFA /* Build configuration list for PBXNativeTarget "GifCreator" */;
			buildPhases = (
				D2CFC07FB2B5A65C58624AC8 /* [CP] Check Pods Manifest.lock */,
				57352ED71E92CBFF00C50EFA /* Sources */,
				57352ED81E92CBFF00C50EFA /* Frameworks */,
				57352ED91E92CBFF00C50EFA /* Resources */,
				40733D7F86846DB5316C31BD /* [CP] Embed Pods Frameworks */,
				8D496A35CF7607A0F30F8B8B /* [CP] Copy Pods Resources */,
			);
			buildRules = (
			);
			dependencies = (
			);
			name = GifCreator;
			productName = GifCreator;
			productReference = 57352EDB1E92CBFF00C50EFA /* GifCreator.app */;
			productType = "com.apple.product-type.application";
		};
		57352EEE1E92CBFF00C50EFA /* GifCreatorTests */ = {
			isa = PBXNativeTarget;
			buildConfigurationList = 57352EFB1E92CBFF00C50EFA /* Build configuration list for PBXNativeTarget "GifCreatorTests" */;
			buildPhases = (
				261BF649B354082B6342AE73 /* [CP] Check Pods Manifest.lock */,
				57352EEB1E92CBFF00C50EFA /* Sources */,
				57352EEC1E92CBFF00C50EFA /* Frameworks */,
				57352EED1E92CBFF00C50EFA /* Resources */,
				4FA0D3E2D78C1A8513BDF928 /* [CP] Embed Pods Frameworks */,
				12A30A5F6DAAEFEF7BDBD0C2 /* [CP] Copy Pods Resources */,
			);
			buildRules = (
			);
			dependencies = (
				57352EF11E92CBFF00C50EFA /* PBXTargetDependency */,
			);
			name = GifCreatorTests;
			productName = GifCreatorTests;
			productReference = 57352EEF1E92CBFF00C50EFA /* GifCreatorTests.xctest */;
			productType = "com.apple.product-type.bundle.unit-test";
		};
/* End PBXNativeTarget section */

/* Begin PBXProject section */
		57352ED31E92CBFF00C50EFA /* Project object */ = {
			isa = PBXProject;
			attributes = {
				LastSwiftUpdateCheck = 0820;
				LastUpgradeCheck = 0820;
				ORGANIZATIONNAME = test;
				TargetAttributes = {
					57352EDA1E92CBFF00C50EFA = {
						CreatedOnToolsVersion = 8.2.1;
						ProvisioningStyle = Automatic;
					};
					57352EEE1E92CBFF00C50EFA = {
						CreatedOnToolsVersion = 8.2.1;
						ProvisioningStyle = Automatic;
						TestTargetID = 57352EDA1E92CBFF00C50EFA;
					};
				};
			};
			buildConfigurationList = 57352ED61E92CBFF00C50EFA /* Build configuration list for PBXProject "GifCreator" */;
			compatibilityVersion = "Xcode 3.2";
			developmentRegion = English;
			hasScannedForEncodings = 0;
			knownRegions = (
				en,
				Base,
			);
			mainGroup = 57352ED21E92CBFF00C50EFA;
			productRefGroup = 57352EDC1E92CBFF00C50EFA /* Products */;
			projectDirPath = "";
			projectRoot = "";
			targets = (
				57352EDA1E92CBFF00C50EFA /* GifCreator */,
				57352EEE1E92CBFF00C50EFA /* GifCreatorTests */,
			);
		};
/* End PBXProject section */

/* Begin PBXResourcesBuildPhase section */
		57352ED91E92CBFF00C50EFA /* Resources */ = {
			isa = PBXResourcesBuildPhase;
			buildActionMask = 2147483647;
			files = (
				57352EE91E92CBFF00C50EFA /* LaunchScreen.storyboard in Resources */,
				57352EE61E92CBFF00C50EFA /* Assets.xcassets in Resources */,
				57352EE41E92CBFF00C50EFA /* Main.storyboard in Resources */,
			);
			runOnlyForDeploymentPostprocessing = 0;
		};
		57352EED1E92CBFF00C50EFA /* Resources */ = {
			isa = PBXResourcesBuildPhase;
			buildActionMask = 2147483647;
			files = (
			);
			runOnlyForDeploymentPostprocessing = 0;
		};
/* End PBXResourcesBuildPhase section */

/* Begin PBXShellScriptBuildPhase section */
		12A30A5F6DAAEFEF7BDBD0C2 /* [CP] Copy Pods Resources */ = {
			isa = PBXShellScriptBuildPhase;
			buildActionMask = 2147483647;
			files = (
			);
			inputPaths = (
			);
			name = "[CP] Copy Pods Resources";
			outputPaths = (
			);
			runOnlyForDeploymentPostprocessing = 0;
			shellPath = /bin/sh;
			shellScript = "\"${SRCROOT}/Pods/Target Support Files/Pods-GifCreatorTests/Pods-GifCreatorTests-resources.sh\"\n";
			showEnvVarsInLog = 0;
		};
		261BF649B354082B6342AE73 /* [CP] Check Pods Manifest.lock */ = {
			isa = PBXShellScriptBuildPhase;
			buildActionMask = 2147483647;
			files = (
			);
			inputPaths = (
			);
			name = "[CP] Check Pods Manifest.lock";
			outputPaths = (
			);
			runOnlyForDeploymentPostprocessing = 0;
			shellPath = /bin/sh;
			shellScript = "diff \"${PODS_ROOT}/../Podfile.lock\" \"${PODS_ROOT}/Manifest.lock\" > /dev/null\nif [ $? != 0 ] ; then\n    # print error to STDERR\n    echo \"error: The sandbox is not in sync with the Podfile.lock. Run 'pod install' or update your CocoaPods installation.\" >&2\n    exit 1\nfi\n";
			showEnvVarsInLog = 0;
		};
		40733D7F86846DB5316C31BD /* [CP] Embed Pods Frameworks */ = {
			isa = PBXShellScriptBuildPhase;
			buildActionMask = 2147483647;
			files = (
			);
			inputPaths = (
			);
			name = "[CP] Embed Pods Frameworks";
			outputPaths = (
			);
			runOnlyForDeploymentPostprocessing = 0;
			shellPath = /bin/sh;
			shellScript = "\"${SRCROOT}/Pods/Target Support Files/Pods-GifCreator/Pods-GifCreator-frameworks.sh\"\n";
			showEnvVarsInLog = 0;
		};
		4FA0D3E2D78C1A8513BDF928 /* [CP] Embed Pods Frameworks */ = {
			isa = PBXShellScriptBuildPhase;
			buildActionMask = 2147483647;
			files = (
			);
			inputPaths = (
			);
			name = "[CP] Embed Pods Frameworks";
			outputPaths = (
			);
			runOnlyForDeploymentPostprocessing = 0;
			shellPath = /bin/sh;
			shellScript = "\"${SRCROOT}/Pods/Target Support Files/Pods-GifCreatorTests/Pods-GifCreatorTests-frameworks.sh\"\n";
			showEnvVarsInLog = 0;
		};
		8D496A35CF7607A0F30F8B8B /* [CP] Copy Pods Resources */ = {
			isa = PBXShellScriptBuildPhase;
			buildActionMask = 2147483647;
			files = (
			);
			inputPaths = (
			);
			name = "[CP] Copy Pods Resources";
			outputPaths = (
			);
			runOnlyForDeploymentPostprocessing = 0;
			shellPath = /bin/sh;
			shellScript = "\"${SRCROOT}/Pods/Target Support Files/Pods-GifCreator/Pods-GifCreator-resources.sh\"\n";
			showEnvVarsInLog = 0;
		};
		D2CFC07FB2B5A65C58624AC8 /* [CP] Check Pods Manifest.lock */ = {
			isa = PBXShellScriptBuildPhase;
			buildActionMask = 2147483647;
			files = (
			);
			inputPaths = (
			);
			name = "[CP] Check Pods Manifest.lock";
			outputPaths = (
			);
			runOnlyForDeploymentPostprocessing = 0;
			shellPath = /bin/sh;
			shellScript = "diff \"${PODS_ROOT}/../Podfile.lock\" \"${PODS_ROOT}/Manifest.lock\" > /dev/null\nif [ $? != 0 ] ; then\n    # print error to STDERR\n    echo \"error: The sandbox is not in sync with the Podfile.lock. Run 'pod install' or update your CocoaPods installation.\" >&2\n    exit 1\nfi\n";
			showEnvVarsInLog = 0;
		};
/* End PBXShellScriptBuildPhase section */

/* Begin PBXSourcesBuildPhase section */
		57352ED71E92CBFF00C50EFA /* Sources */ = {
			isa = PBXSourcesBuildPhase;
			buildActionMask = 2147483647;
			files = (
				5720130C1E92D4BA0090AF42 /* PostCollectionViewCell.swift in Sources */,
				5720130A1E92CE6E0090AF42 /* MainNavigationController.swift in Sources */,
				57352EE11E92CBFF00C50EFA /* MainViewController.swift in Sources */,
				57352EDF1E92CBFF00C50EFA /* AppDelegate.swift in Sources */,
				5720130E1E92D5320090AF42 /* CollectionViewController.swift in Sources */,
			);
			runOnlyForDeploymentPostprocessing = 0;
		};
		57352EEB1E92CBFF00C50EFA /* Sources */ = {
			isa = PBXSourcesBuildPhase;
			buildActionMask = 2147483647;
			files = (
				57352EF41E92CBFF00C50EFA /* GifCreatorTests.swift in Sources */,
			);
			runOnlyForDeploymentPostprocessing = 0;
		};
/* End PBXSourcesBuildPhase section */

/* Begin PBXTargetDependency section */
		57352EF11E92CBFF00C50EFA /* PBXTargetDependency */ = {
			isa = PBXTargetDependency;
			target = 57352EDA1E92CBFF00C50EFA /* GifCreator */;
			targetProxy = 57352EF01E92CBFF00C50EFA /* PBXContainerItemProxy */;
		};
/* End PBXTargetDependency section */

/* Begin PBXVariantGroup section */
		57352EE21E92CBFF00C50EFA /* Main.storyboard */ = {
			isa = PBXVariantGroup;
			children = (
				57352EE31E92CBFF00C50EFA /* Base */,
			);
			name = Main.storyboard;
			sourceTree = "<group>";
		};
		57352EE71E92CBFF00C50EFA /* LaunchScreen.storyboard */ = {
			isa = PBXVariantGroup;
			children = (
				57352EE81E92CBFF00C50EFA /* Base */,
			);
			name = LaunchScreen.storyboard;
			sourceTree = "<group>";
		};
/* End PBXVariantGroup section */

/* Begin XCBuildConfiguration section */
		57352EF61E92CBFF00C50EFA /* Debug */ = {
			isa = XCBuildConfiguration;
			buildSettings = {
				ALWAYS_SEARCH_USER_PATHS = NO;
				CLANG_ANALYZER_NONNULL = YES;
				CLANG_CXX_LANGUAGE_STANDARD = "gnu++0x";
				CLANG_CXX_LIBRARY = "libc++";
				CLANG_ENABLE_MODULES = YES;
				CLANG_ENABLE_OBJC_ARC = YES;
				CLANG_WARN_BOOL_CONVERSION = YES;
				CLANG_WARN_CONSTANT_CONVERSION = YES;
				CLANG_WARN_DIRECT_OBJC_ISA_USAGE = YES_ERROR;
				CLANG_WARN_DOCUMENTATION_COMMENTS = YES;
				CLANG_WARN_EMPTY_BODY = YES;
				CLANG_WARN_ENUM_CONVERSION = YES;
				CLANG_WARN_INFINITE_RECURSION = YES;
				CLANG_WARN_INT_CONVERSION = YES;
				CLANG_WARN_OBJC_ROOT_CLASS = YES_ERROR;
				CLANG_WARN_SUSPICIOUS_MOVE = YES;
				CLANG_WARN_UNREACHABLE_CODE = YES;
				CLANG_WARN__DUPLICATE_METHOD_MATCH = YES;
				"CODE_SIGN_IDENTITY[sdk=iphoneos*]" = "iPhone Developer";
				COPY_PHASE_STRIP = NO;
				DEBUG_INFORMATION_FORMAT = dwarf;
				ENABLE_STRICT_OBJC_MSGSEND = YES;
				ENABLE_TESTABILITY = YES;
				GCC_C_LANGUAGE_STANDARD = gnu99;
				GCC_DYNAMIC_NO_PIC = NO;
				GCC_NO_COMMON_BLOCKS = YES;
				GCC_OPTIMIZATION_LEVEL = 0;
				GCC_PREPROCESSOR_DEFINITIONS = (
					"DEBUG=1",
					"$(inherited)",
				);
				GCC_WARN_64_TO_32_BIT_CONVERSION = YES;
				GCC_WARN_ABOUT_RETURN_TYPE = YES_ERROR;
				GCC_WARN_UNDECLARED_SELECTOR = YES;
				GCC_WARN_UNINITIALIZED_AUTOS = YES_AGGRESSIVE;
				GCC_WARN_UNUSED_FUNCTION = YES;
				GCC_WARN_UNUSED_VARIABLE = YES;
				IPHONEOS_DEPLOYMENT_TARGET = 10.2;
				MTL_ENABLE_DEBUG_INFO = YES;
				ONLY_ACTIVE_ARCH = YES;
				SDKROOT = iphoneos;
				SWIFT_ACTIVE_COMPILATION_CONDITIONS = DEBUG;
				SWIFT_OPTIMIZATION_LEVEL = "-Onone";
				TARGETED_DEVICE_FAMILY = "1,2";
			};
			name = Debug;
		};
		57352EF71E92CBFF00C50EFA /* Release */ = {
			isa = XCBuildConfiguration;
			buildSettings = {
				ALWAYS_SEARCH_USER_PATHS = NO;
				CLANG_ANALYZER_NONNULL = YES;
				CLANG_CXX_LANGUAGE_STANDARD = "gnu++0x";
				CLANG_CXX_LIBRARY = "libc++";
				CLANG_ENABLE_MODULES = YES;
				CLANG_ENABLE_OBJC_ARC = YES;
				CLANG_WARN_BOOL_CONVERSION = YES;
				CLANG_WARN_CONSTANT_CONVERSION = YES;
				CLANG_WARN_DIRECT_OBJC_ISA_USAGE = YES_ERROR;
				CLANG_WARN_DOCUMENTATION_COMMENTS = YES;
				CLANG_WARN_EMPTY_BODY = YES;
				CLANG_WARN_ENUM_CONVERSION = YES;
				CLANG_WARN_INFINITE_RECURSION = YES;
				CLANG_WARN_INT_CONVERSION = YES;
				CLANG_WARN_OBJC_ROOT_CLASS = YES_ERROR;
				CLANG_WARN_SUSPICIOUS_MOVE = YES;
				CLANG_WARN_UNREACHABLE_CODE = YES;
				CLANG_WARN__DUPLICATE_METHOD_MATCH = YES;
				"CODE_SIGN_IDENTITY[sdk=iphoneos*]" = "iPhone Developer";
				COPY_PHASE_STRIP = NO;
				DEBUG_INFORMATION_FORMAT = "dwarf-with-dsym";
				ENABLE_NS_ASSERTIONS = NO;
				ENABLE_STRICT_OBJC_MSGSEND = YES;
				GCC_C_LANGUAGE_STANDARD = gnu99;
				GCC_NO_COMMON_BLOCKS = YES;
				GCC_WARN_64_TO_32_BIT_CONVERSION = YES;
				GCC_WARN_ABOUT_RETURN_TYPE = YES_ERROR;
				GCC_WARN_UNDECLARED_SELECTOR = YES;
				GCC_WARN_UNINITIALIZED_AUTOS = YES_AGGRESSIVE;
				GCC_WARN_UNUSED_FUNCTION = YES;
				GCC_WARN_UNUSED_VARIABLE = YES;
				IPHONEOS_DEPLOYMENT_TARGET = 10.2;
				MTL_ENABLE_DEBUG_INFO = NO;
				SDKROOT = iphoneos;
				SWIFT_OPTIMIZATION_LEVEL = "-Owholemodule";
				TARGETED_DEVICE_FAMILY = "1,2";
				VALIDATE_PRODUCT = YES;
			};
			name = Release;
		};
		57352EF91E92CBFF00C50EFA /* Debug */ = {
			isa = XCBuildConfiguration;
			baseConfigurationReference = 1E55EF53460EE44FE6631189 /* Pods-GifCreator.debug.xcconfig */;
			buildSettings = {
				ASSETCATALOG_COMPILER_APPICON_NAME = AppIcon;
				INFOPLIST_FILE = GifCreator/Info.plist;
				LD_RUNPATH_SEARCH_PATHS = "$(inherited) @executable_path/Frameworks";
				PRODUCT_BUNDLE_IDENTIFIER = com.test.GifCreator;
				PRODUCT_NAME = "$(TARGET_NAME)";
				SWIFT_VERSION = 3.0;
			};
			name = Debug;
		};
		57352EFA1E92CBFF00C50EFA /* Release */ = {
			isa = XCBuildConfiguration;
			baseConfigurationReference = A9C73BE20E7F8845ED5F27CF /* Pods-GifCreator.release.xcconfig */;
			buildSettings = {
				ASSETCATALOG_COMPILER_APPICON_NAME = AppIcon;
				INFOPLIST_FILE = GifCreator/Info.plist;
				LD_RUNPATH_SEARCH_PATHS = "$(inherited) @executable_path/Frameworks";
				PRODUCT_BUNDLE_IDENTIFIER = com.test.GifCreator;
				PRODUCT_NAME = "$(TARGET_NAME)";
				SWIFT_VERSION = 3.0;
			};
			name = Release;
		};
		57352EFC1E92CBFF00C50EFA /* Debug */ = {
			isa = XCBuildConfiguration;
			baseConfigurationReference = DC53126002C4E4D3342C3B76 /* Pods-GifCreatorTests.debug.xcconfig */;
			buildSettings = {
				ALWAYS_EMBED_SWIFT_STANDARD_LIBRARIES = YES;
				BUNDLE_LOADER = "$(TEST_HOST)";
				INFOPLIST_FILE = GifCreatorTests/Info.plist;
				LD_RUNPATH_SEARCH_PATHS = "$(inherited) @executable_path/Frameworks @loader_path/Frameworks";
				PRODUCT_BUNDLE_IDENTIFIER = com.test.GifCreatorTests;
				PRODUCT_NAME = "$(TARGET_NAME)";
				SWIFT_VERSION = 3.0;
				TEST_HOST = "$(BUILT_PRODUCTS_DIR)/GifCreator.app/GifCreator";
			};
			name = Debug;
		};
		57352EFD1E92CBFF00C50EFA /* Release */ = {
			isa = XCBuildConfiguration;
			baseConfigurationReference = 86168580127C65040CC47ED2 /* Pods-GifCreatorTests.release.xcconfig */;
			buildSettings = {
				ALWAYS_EMBED_SWIFT_STANDARD_LIBRARIES = YES;
				BUNDLE_LOADER = "$(TEST_HOST)";
				INFOPLIST_FILE = GifCreatorTests/Info.plist;
				LD_RUNPATH_SEARCH_PATHS = "$(inherited) @executable_path/Frameworks @loader_path/Frameworks";
				PRODUCT_BUNDLE_IDENTIFIER = com.test.GifCreatorTests;
				PRODUCT_NAME = "$(TARGET_NAME)";
				SWIFT_VERSION = 3.0;
				TEST_HOST = "$(BUILT_PRODUCTS_DIR)/GifCreator.app/GifCreator";
			};
			name = Release;
		};
/* End XCBuildConfiguration section */

/* Begin XCConfigurationList section */
		57352ED61E92CBFF00C50EFA /* Build configuration list for PBXProject "GifCreator" */ = {
			isa = XCConfigurationList;
			buildConfigurations = (
				57352EF61E92CBFF00C50EFA /* Debug */,
				57352EF71E92CBFF00C50EFA /* Release */,
			);
			defaultConfigurationIsVisible = 0;
			defaultConfigurationName = Release;
		};
		57352EF81E92CBFF00C50EFA /* Build configuration list for PBXNativeTarget "GifCreator" */ = {
			isa = XCConfigurationList;
			buildConfigurations = (
				57352EF91E92CBFF00C50EFA /* Debug */,
				57352EFA1E92CBFF00C50EFA /* Release */,
			);
			defaultConfigurationIsVisible = 0;
			defaultConfigurationName = Release;
		};
		57352EFB1E92CBFF00C50EFA /* Build configuration list for PBXNativeTarget "GifCreatorTests" */ = {
			isa = XCConfigurationList;
			buildConfigurations = (
				57352EFC1E92CBFF00C50EFA /* Debug */,
				57352EFD1E92CBFF00C50EFA /* Release */,
			);
			defaultConfigurationIsVisible = 0;
			defaultConfigurationName = Release;
		};
/* End XCConfigurationList section */
	};
	rootObject = 57352ED31E92CBFF00C50EFA /* Project object */;
}
